
Microsoft Visual Studio Solution File, Format Version 12.00
# Visual Studio Version 16
VisualStudioVersion = 16.0.31112.23
MinimumVisualStudioVersion = 10.0.40219.1
Project("{FAE04EC0-301F-11D3-BF4B-00C04F79EFBC}") = "FactoryMethod", "FactoryMethod\FactoryMethod.csproj", "{520976A2-DB93-4E7F-A985-E49CDB2899BA}"
EndProject
Global
	GlobalSection(SolutionConfigurationPlatforms) = preSolution
		Debug|Any CPU = Debug|Any CPU
		Release|Any CPU = Release|Any CPU
	EndGlobalSection
	GlobalSection(ProjectConfigurationPlatforms) = postSolution
		{520976A2-DB93-4E7F-A985-E49CDB2899BA}.Debug|Any CPU.ActiveCfg = Debug|Any CPU
		{520976A2-DB93-4E7F-A985-E49CDB2899BA}.Debug|Any CPU.Build.0 = Debug|Any CPU
		{520976A2-DB93-4E7F-A985-E49CDB2899BA}.Release|Any CPU.ActiveCfg = Release|Any CPU
		{520976A2-DB93-4E7F-A985-E49CDB2899BA}.Release|Any CPU.Build.0 = Release|Any CPU
	EndGlobalSection
	GlobalSection(SolutionProperties) = preSolution
		HideSolutionNode = FALSE
	EndGlobalSection
	GlobalSection(ExtensibilityGlobals) = postSolution
		SolutionGuid = {1C0B93EC-9960-4CE7-A112-566A1857C726}
	EndGlobalSection
EndGlobal
